
Microsoft Visual Studio Solution File, Format Version 12.00
# Visual Studio 14
VisualStudioVersion = 14.0.23107.0
MinimumVisualStudioVersion = 10.0.40219.1
Project("{FAE04EC0-301F-11D3-BF4B-00C04F79EFBC}") = "DistributedProxy.Console", "DistributedProxy.Console\DistributedProxy.Console.csproj", "{DAB0877C-71ED-4AF7-BCBC-4449CFDB4BF1}"
EndProject
Project("{FAE04EC0-301F-11D3-BF4B-00C04F79EFBC}") = "DistributedProxy.Console.Test", "DistributedProxy.Console.Test\DistributedProxy.Console.Test.csproj", "{6D5A6AB1-AE42-4E0F-978A-9B33E916CB90}"
EndProject
Global
	GlobalSection(SolutionConfigurationPlatforms) = preSolution
		Debug|Any CPU = Debug|Any CPU
		Release|Any CPU = Release|Any CPU
	EndGlobalSection
	GlobalSection(ProjectConfigurationPlatforms) = postSolution
		{DAB0877C-71ED-4AF7-BCBC-4449CFDB4BF1}.Debug|Any CPU.ActiveCfg = Debug|Any CPU
		{DAB0877C-71ED-4AF7-BCBC-4449CFDB4BF1}.Debug|Any CPU.Build.0 = Debug|Any CPU
		{DAB0877C-71ED-4AF7-BCBC-4449CFDB4BF1}.Release|Any CPU.ActiveCfg = Release|Any CPU
		{DAB0877C-71ED-4AF7-BCBC-4449CFDB4BF1}.Release|Any CPU.Build.0 = Release|Any CPU
		{6D5A6AB1-AE42-4E0F-978A-9B33E916CB90}.Debug|Any CPU.ActiveCfg = Debug|Any CPU
		{6D5A6AB1-AE42-4E0F-978A-9B33E916CB90}.Debug|Any CPU.Build.0 = Debug|Any CPU
		{6D5A6AB1-AE42-4E0F-978A-9B33E916CB90}.Release|Any CPU.ActiveCfg = Release|Any CPU
		{6D5A6AB1-AE42-4E0F-978A-9B33E916CB90}.Release|Any CPU.Build.0 = Release|Any CPU
	EndGlobalSection
	GlobalSection(SolutionProperties) = preSolution
		HideSolutionNode = FALSE
	EndGlobalSection
EndGlobal
